
Microsoft Visual Studio Solution File, Format Version 12.00
# Visual Studio Version 16
VisualStudioVersion = 16.0.29728.190
MinimumVisualStudioVersion = 10.0.40219.1
Project("{FAE04EC0-301F-11D3-BF4B-00C04F79EFBC}") = "Kata", "Kata\Kata.csproj", "{C4A23A2F-51CF-4DBF-8E72-03CB43698AF3}"
EndProject
Project("{FAE04EC0-301F-11D3-BF4B-00C04F79EFBC}") = "Kata.Test", "Kata.Test\Kata.Test.csproj", "{88383D1A-8F63-46A3-A31B-C90907C1984A}"
EndProject
Global
	GlobalSection(SolutionConfigurationPlatforms) = preSolution
		Debug|Any CPU = Debug|Any CPU
		Release|Any CPU = Release|Any CPU
	EndGlobalSection
	GlobalSection(ProjectConfigurationPlatforms) = postSolution
		{C4A23A2F-51CF-4DBF-8E72-03CB43698AF3}.Debug|Any CPU.ActiveCfg = Debug|Any CPU
		{C4A23A2F-51CF-4DBF-8E72-03CB43698AF3}.Debug|Any CPU.Build.0 = Debug|Any CPU
		{C4A23A2F-51CF-4DBF-8E72-03CB43698AF3}.Release|Any CPU.ActiveCfg = Release|Any CPU
		{C4A23A2F-51CF-4DBF-8E72-03CB43698AF3}.Release|Any CPU.Build.0 = Release|Any CPU
		{88383D1A-8F63-46A3-A31B-C90907C1984A}.Debug|Any CPU.ActiveCfg = Debug|Any CPU
		{88383D1A-8F63-46A3-A31B-C90907C1984A}.Debug|Any CPU.Build.0 = Debug|Any CPU
		{88383D1A-8F63-46A3-A31B-C90907C1984A}.Release|Any CPU.ActiveCfg = Release|Any CPU
		{88383D1A-8F63-46A3-A31B-C90907C1984A}.Release|Any CPU.Build.0 = Release|Any CPU
	EndGlobalSection
	GlobalSection(SolutionProperties) = preSolution
		HideSolutionNode = FALSE
	EndGlobalSection
	GlobalSection(ExtensibilityGlobals) = postSolution
		SolutionGuid = {A25C884F-599F-46AB-A3BB-5966AE08D9ED}
	EndGlobalSection
EndGlobal
